
Microsoft Visual Studio Solution File, Format Version 12.00
# Visual Studio Version 16
VisualStudioVersion = 16.0.30717.126
MinimumVisualStudioVersion = 10.0.40219.1
Project("{8BC9CEB8-8B4A-11D0-8D11-00A0C91BC942}") = "Project1", "Project1.vcxproj", "{94E7AA31-A832-480F-BA91-0B40DA958968}"
EndProject
Global
	GlobalSection(SolutionConfigurationPlatforms) = preSolution
		Debug|x64 = Debug|x64
		Debug|x86 = Debug|x86
		Release|x64 = Release|x64
		Release|x86 = Release|x86
	EndGlobalSection
	GlobalSection(ProjectConfigurationPlatforms) = postSolution
		{94E7AA31-A832-480F-BA91-0B40DA958968}.Debug|x64.ActiveCfg = Debug|x64
		{94E7AA31-A832-480F-BA91-0B40DA958968}.Debug|x64.Build.0 = Debug|x64
		{94E7AA31-A832-480F-BA91-0B40DA958968}.Debug|x86.ActiveCfg = Debug|Win32
		{94E7AA31-A832-480F-BA91-0B40DA958968}.Debug|x86.Build.0 = Debug|Win32
		{94E7AA31-A832-480F-BA91-0B40DA958968}.Release|x64.ActiveCfg = Release|x64
		{94E7AA31-A832-480F-BA91-0B40DA958968}.Release|x64.Build.0 = Release|x64
		{94E7AA31-A832-480F-BA91-0B40DA958968}.Release|x86.ActiveCfg = Release|Win32
		{94E7AA31-A832-480F-BA91-0B40DA958968}.Release|x86.Build.0 = Release|Win32
	EndGlobalSection
	GlobalSection(SolutionProperties) = preSolution
		HideSolutionNode = FALSE
	EndGlobalSection
	GlobalSection(ExtensibilityGlobals) = postSolution
		SolutionGuid = {61CA0690-E007-41AB-BCE7-D783C6EAB2C9}
	EndGlobalSection
EndGlobal
